// !$*UTF8*$!
{
	archiveVersion = 1;
	classes = {
	};
	objectVersion = 50;
	objects = {

/* Begin PBXBuildFile section */
		2649869BCDAE498EE554CB73 /* Pods_PodExampleNew.framework in Frameworks */ = {isa = PBXBuildFile; fileRef = 177D1F66745FE4FD292EF99D /* Pods_PodExampleNew.framework */; };
		4CDA28E1228165E9000D24F6 /* AppDelegate.swift in Sources */ = {isa = PBXBuildFile; fileRef = 4CDA28E0228165E9000D24F6 /* AppDelegate.swift */; };
		4CDA28E3228165E9000D24F6 /* ViewController.swift in Sources */ = {isa = PBXBuildFile; fileRef = 4CDA28E2228165E9000D24F6 /* ViewController.swift */; };
		4CDA28E6228165E9000D24F6 /* Main.storyboard in Resources */ = {isa = PBXBuildFile; fileRef = 4CDA28E4228165E9000D24F6 /* Main.storyboard */; };
		4CDA28E9228165E9000D24F6 /* PodExampleNew.xcdatamodeld in Sources */ = {isa = PBXBuildFile; fileRef = 4CDA28E7228165E9000D24F6 /* PodExampleNew.xcdatamodeld */; };
		4CDA28EB228165EB000D24F6 /* Assets.xcassets in Resources */ = {isa = PBXBuildFile; fileRef = 4CDA28EA228165EB000D24F6 /* Assets.xcassets */; };
		4CDA28EE228165EB000D24F6 /* LaunchScreen.storyboard in Resources */ = {isa = PBXBuildFile; fileRef = 4CDA28EC228165EB000D24F6 /* LaunchScreen.storyboard */; };
/* End PBXBuildFile section */

/* Begin PBXFileReference section */
		177D1F66745FE4FD292EF99D /* Pods_PodExampleNew.framework */ = {isa = PBXFileReference; explicitFileType = wrapper.framework; includeInIndex = 0; path = Pods_PodExampleNew.framework; sourceTree = BUILT_PRODUCTS_DIR; };
		27B824E63D67FD726641385D /* Pods-PodExampleNew.release.xcconfig */ = {isa = PBXFileReference; includeInIndex = 1; lastKnownFileType = text.xcconfig; name = "Pods-PodExampleNew.release.xcconfig"; path = "Target Support Files/Pods-PodExampleNew/Pods-PodExampleNew.release.xcconfig"; sourceTree = "<group>"; };
		4CDA28DD228165E9000D24F6 /* PodExampleNew.app */ = {isa = PBXFileReference; explicitFileType = wrapper.application; includeInIndex = 0; path = PodExampleNew.app; sourceTree = BUILT_PRODUCTS_DIR; };
		4CDA28E0228165E9000D24F6 /* AppDelegate.swift */ = {isa = PBXFileReference; lastKnownFileType = sourcecode.swift; path = AppDelegate.swift; sourceTree = "<group>"; };
		4CDA28E2228165E9000D24F6 /* ViewController.swift */ = {isa = PBXFileReference; lastKnownFileType = sourcecode.swift; path = ViewController.swift; sourceTree = "<group>"; };
		4CDA28E5228165E9000D24F6 /* Base */ = {isa = PBXFileReference; lastKnownFileType = file.storyboard; name = Base; path = Base.lproj/Main.storyboard; sourceTree = "<group>"; };
		4CDA28E8228165E9000D24F6 /* PodExampleNew.xcdatamodel */ = {isa = PBXFileReference; lastKnownFileType = wrapper.xcdatamodel; path = PodExampleNew.xcdatamodel; sourceTree = "<group>"; };
		4CDA28EA228165EB000D24F6 /* Assets.xcassets */ = {isa = PBXFileReference; lastKnownFileType = folder.assetcatalog; path = Assets.xcassets; sourceTree = "<group>"; };
		4CDA28ED228165EB000D24F6 /* Base */ = {isa = PBXFileReference; lastKnownFileType = file.storyboard; name = Base; path = Base.lproj/LaunchScreen.storyboard; sourceTree = "<group>"; };
		4CDA28EF228165EB000D24F6 /* Info.plist */ = {isa = PBXFileReference; lastKnownFileType = text.plist.xml; path = Info.plist; sourceTree = "<group>"; };
		933DE0ED46F5F3D9381B8C2F /* Pods-PodExampleNew.debug.xcconfig */ = {isa = PBXFileReference; includeInIndex = 1; lastKnownFileType = text.xcconfig; name = "Pods-PodExampleNew.debug.xcconfig"; path = "Target Support Files/Pods-PodExampleNew/Pods-PodExampleNew.debug.xcconfig"; sourceTree = "<group>"; };
/* End PBXFileReference section */

/* Begin PBXFrameworksBuildPhase section */
		4CDA28DA228165E9000D24F6 /* Frameworks */ = {
			isa = PBXFrameworksBuildPhase;
			buildActionMask = 2147483647;
			files = (
				2649869BCDAE498EE554CB73 /* Pods_PodExampleNew.framework in Frameworks */,
			);
			runOnlyForDeploymentPostprocessing = 0;
		};
/* End PBXFrameworksBuildPhase section */

/* Begin PBXGroup section */
		343544C465C5752D61B2FEED /* Frameworks */ = {
			isa = PBXGroup;
			children = (
				177D1F66745FE4FD292EF99D /* Pods_PodExampleNew.framework */,
			);
			name = Frameworks;
			sourceTree = "<group>";
		};
		4CDA28D4228165E9000D24F6 = {
			isa = PBXGroup;
			children = (
				4CDA28DF228165E9000D24F6 /* PodExampleNew */,
				4CDA28DE228165E9000D24F6 /* Products */,
				95F4A8A78A2E446705006023 /* Pods */,
				343544C465C5752D61B2FEED /* Frameworks */,
			);
			sourceTree = "<group>";
		};
		4CDA28DE228165E9000D24F6 /* Products */ = {
			isa = PBXGroup;
			children = (
				4CDA28DD228165E9000D24F6 /* PodExampleNew.app */,
			);
			name = Products;
			sourceTree = "<group>";
		};
		4CDA28DF228165E9000D24F6 /* PodExampleNew */ = {
			isa = PBXGroup;
			children = (
				4CDA28E0228165E9000D24F6 /* AppDelegate.swift */,
				4CDA28E2228165E9000D24F6 /* ViewController.swift */,
				4CDA28E4228165E9000D24F6 /* Main.storyboard */,
				4CDA28EA228165EB000D24F6 /* Assets.xcassets */,
				4CDA28EC228165EB000D24F6 /* LaunchScreen.storyboard */,
				4CDA28EF228165EB000D24F6 /* Info.plist */,
				4CDA28E7228165E9000D24F6 /* PodExampleNew.xcdatamodeld */,
			);
			path = PodExampleNew;
			sourceTree = "<group>";
		};
		95F4A8A78A2E446705006023 /* Pods */ = {
			isa = PBXGroup;
			children = (
				933DE0ED46F5F3D9381B8C2F /* Pods-PodExampleNew.debug.xcconfig */,
				27B824E63D67FD726641385D /* Pods-PodExampleNew.release.xcconfig */,
			);
			path = Pods;
			sourceTree = "<group>";
		};
/* End PBXGroup section */

/* Begin PBXNativeTarget section */
		4CDA28DC228165E9000D24F6 /* PodExampleNew */ = {
			isa = PBXNativeTarget;
			buildConfigurationList = 4CDA28F2228165EB000D24F6 /* Build configuration list for PBXNativeTarget "PodExampleNew" */;
			buildPhases = (
				27E07EB1FE3AFB0CAA7FEBA8 /* [CP] Check Pods Manifest.lock */,
				4CDA28D9228165E9000D24F6 /* Sources */,
				4CDA28DA228165E9000D24F6 /* Frameworks */,
				4CDA28DB228165E9000D24F6 /* Resources */,
				F5D84BEEB3A1F27C19DFE971 /* [CP] Embed Pods Frameworks */,
			);
			buildRules = (
			);
			dependencies = (
			);
			name = PodExampleNew;
			productName = PodExampleNew;
			productReference = 4CDA28DD228165E9000D24F6 /* PodExampleNew.app */;
			productType = "com.apple.product-type.application";
		};
/* End PBXNativeTarget section */

/* Begin PBXProject section */
		4CDA28D5228165E9000D24F6 /* Project object */ = {
			isa = PBXProject;
			attributes = {
				LastSwiftUpdateCheck = 1020;
				LastUpgradeCheck = 1020;
				ORGANIZATIONNAME = "poonam-bhadikar";
				TargetAttributes = {
					4CDA28DC228165E9000D24F6 = {
						CreatedOnToolsVersion = 10.2;
					};
				};
			};
			buildConfigurationList = 4CDA28D8228165E9000D24F6 /* Build configuration list for PBXProject "PodExampleNew" */;
			compatibilityVersion = "Xcode 9.3";
			developmentRegion = en;
			hasScannedForEncodings = 0;
			knownRegions = (
				en,
				Base,
			);
			mainGroup = 4CDA28D4228165E9000D24F6;
			productRefGroup = 4CDA28DE228165E9000D24F6 /* Products */;
			projectDirPath = "";
			projectRoot = "";
			targets = (
				4CDA28DC228165E9000D24F6 /* PodExampleNew */,
			);
		};
/* End PBXProject section */

/* Begin PBXResourcesBuildPhase section */
		4CDA28DB228165E9000D24F6 /* Resources */ = {
			isa = PBXResourcesBuildPhase;
			buildActionMask = 2147483647;
			files = (
				4CDA28EE228165EB000D24F6 /* LaunchScreen.storyboard in Resources */,
				4CDA28EB228165EB000D24F6 /* Assets.xcassets in Resources */,
				4CDA28E6228165E9000D24F6 /* Main.storyboard in Resources */,
			);
			runOnlyForDeploymentPostprocessing = 0;
		};
/* End PBXResourcesBuildPhase section */

/* Begin PBXShellScriptBuildPhase section */
		27E07EB1FE3AFB0CAA7FEBA8 /* [CP] Check Pods Manifest.lock */ = {
			isa = PBXShellScriptBuildPhase;
			buildActionMask = 2147483647;
			files = (
			);
			inputFileListPaths = (
			);
			inputPaths = (
				"${PODS_PODFILE_DIR_PATH}/Podfile.lock",
				"${PODS_ROOT}/Manifest.lock",
			);
			name = "[CP] Check Pods Manifest.lock";
			outputFileListPaths = (
			);
			outputPaths = (
				"$(DERIVED_FILE_DIR)/Pods-PodExampleNew-checkManifestLockResult.txt",
			);
			runOnlyForDeploymentPostprocessing = 0;
			shellPath = /bin/sh;
			shellScript = "diff \"${PODS_PODFILE_DIR_PATH}/Podfile.lock\" \"${PODS_ROOT}/Manifest.lock\" > /dev/null\nif [ $? != 0 ] ; then\n    # print error to STDERR\n    echo \"error: The sandbox is not in sync with the Podfile.lock. Run 'pod install' or update your CocoaPods installation.\" >&2\n    exit 1\nfi\n# This output is used by Xcode 'outputs' to avoid re-running this script phase.\necho \"SUCCESS\" > \"${SCRIPT_OUTPUT_FILE_0}\"\n";
			showEnvVarsInLog = 0;
		};
		F5D84BEEB3A1F27C19DFE971 /* [CP] Embed Pods Frameworks */ = {
			isa = PBXShellScriptBuildPhase;
			buildActionMask = 2147483647;
			files = (
			);
			inputFileListPaths = (
			);
			inputPaths = (
				"${PODS_ROOT}/Target Support Files/Pods-PodExampleNew/Pods-PodExampleNew-frameworks.sh",
				"${BUILT_PRODUCTS_DIR}/Material/Material.framework",
				"${BUILT_PRODUCTS_DIR}/Motion/Motion.framework",
			);
			name = "[CP] Embed Pods Frameworks";
			outputFileListPaths = (
			);
			outputPaths = (
				"${TARGET_BUILD_DIR}/${FRAMEWORKS_FOLDER_PATH}/Material.framework",
				"${TARGET_BUILD_DIR}/${FRAMEWORKS_FOLDER_PATH}/Motion.framework",
			);
			runOnlyForDeploymentPostprocessing = 0;
			shellPath = /bin/sh;
			shellScript = "\"${PODS_ROOT}/Target Support Files/Pods-PodExampleNew/Pods-PodExampleNew-frameworks.sh\"\n";
			showEnvVarsInLog = 0;
		};
/* End PBXShellScriptBuildPhase section */

/* Begin PBXSourcesBuildPhase section */
		4CDA28D9228165E9000D24F6 /* Sources */ = {
			isa = PBXSourcesBuildPhase;
			buildActionMask = 2147483647;
			files = (
				4CDA28E3228165E9000D24F6 /* ViewController.swift in Sources */,
				4CDA28E1228165E9000D24F6 /* AppDelegate.swift in Sources */,
				4CDA28E9228165E9000D24F6 /* PodExampleNew.xcdatamodeld in Sources */,
			);
			runOnlyForDeploymentPostprocessing = 0;
		};
/* End PBXSourcesBuildPhase section */

/* Begin PBXVariantGroup section */
		4CDA28E4228165E9000D24F6 /* Main.storyboard */ = {
			isa = PBXVariantGroup;
			children = (
				4CDA28E5228165E9000D24F6 /* Base */,
			);
			name = Main.storyboard;
			sourceTree = "<group>";
		};
		4CDA28EC228165EB000D24F6 /* LaunchScreen.storyboard */ = {
			isa = PBXVariantGroup;
			children = (
				4CDA28ED228165EB000D24F6 /* Base */,
			);
			name = LaunchScreen.storyboard;
			sourceTree = "<group>";
		};
/* End PBXVariantGroup section */

/* Begin XCBuildConfiguration section */
		4CDA28F0228165EB000D24F6 /* Debug */ = {
			isa = XCBuildConfiguration;
			buildSettings = {
				ALWAYS_SEARCH_USER_PATHS = NO;
				CLANG_ANALYZER_NONNULL = YES;
				CLANG_ANALYZER_NUMBER_OBJECT_CONVERSION = YES_AGGRESSIVE;
				CLANG_CXX_LANGUAGE_STANDARD = "gnu++14";
				CLANG_CXX_LIBRARY = "libc++";
				CLANG_ENABLE_MODULES = YES;
				CLANG_ENABLE_OBJC_ARC = YES;
				CLANG_ENABLE_OBJC_WEAK = YES;
				CLANG_WARN_BLOCK_CAPTURE_AUTORELEASING = YES;
				CLANG_WARN_BOOL_CONVERSION = YES;
				CLANG_WARN_COMMA = YES;
				CLANG_WARN_CONSTANT_CONVERSION = YES;
				CLANG_WARN_DEPRECATED_OBJC_IMPLEMENTATIONS = YES;
				CLANG_WARN_DIRECT_OBJC_ISA_USAGE = YES_ERROR;
				CLANG_WARN_DOCUMENTATION_COMMENTS = YES;
				CLANG_WARN_EMPTY_BODY = YES;
				CLANG_WARN_ENUM_CONVERSION = YES;
				CLANG_WARN_INFINITE_RECURSION = YES;
				CLANG_WARN_INT_CONVERSION = YES;
				CLANG_WARN_NON_LITERAL_NULL_CONVERSION = YES;
				CLANG_WARN_OBJC_IMPLICIT_RETAIN_SELF = YES;
				CLANG_WARN_OBJC_LITERAL_CONVERSION = YES;
				CLANG_WARN_OBJC_ROOT_CLASS = YES_ERROR;
				CLANG_WARN_RANGE_LOOP_ANALYSIS = YES;
				CLANG_WARN_STRICT_PROTOTYPES = YES;
				CLANG_WARN_SUSPICIOUS_MOVE = YES;
				CLANG_WARN_UNGUARDED_AVAILABILITY = YES_AGGRESSIVE;
				CLANG_WARN_UNREACHABLE_CODE = YES;
				CLANG_WARN__DUPLICATE_METHOD_MATCH = YES;
				CODE_SIGN_IDENTITY = "iPhone Developer";
				COPY_PHASE_STRIP = NO;
				DEBUG_INFORMATION_FORMAT = dwarf;
				ENABLE_STRICT_OBJC_MSGSEND = YES;
				ENABLE_TESTABILITY = YES;
				GCC_C_LANGUAGE_STANDARD = gnu11;
				GCC_DYNAMIC_NO_PIC = NO;
				GCC_NO_COMMON_BLOCKS = YES;
				GCC_OPTIMIZATION_LEVEL = 0;
				GCC_PREPROCESSOR_DEFINITIONS = (
					"DEBUG=1",
					"$(inherited)",
				);
				GCC_WARN_64_TO_32_BIT_CONVERSION = YES;
				GCC_WARN_ABOUT_RETURN_TYPE = YES_ERROR;
				GCC_WARN_UNDECLARED_SELECTOR = YES;
				GCC_WARN_UNINITIALIZED_AUTOS = YES_AGGRESSIVE;
				GCC_WARN_UNUSED_FUNCTION = YES;
				GCC_WARN_UNUSED_VARIABLE = YES;
				IPHONEOS_DEPLOYMENT_TARGET = 12.2;
				MTL_ENABLE_DEBUG_INFO = INCLUDE_SOURCE;
				MTL_FAST_MATH = YES;
				ONLY_ACTIVE_ARCH = YES;
				SDKROOT = iphoneos;
				SWIFT_ACTIVE_COMPILATION_CONDITIONS = DEBUG;
				SWIFT_OPTIMIZATION_LEVEL = "-Onone";
			};
			name = Debug;
		};
		4CDA28F1228165EB000D24F6 /* Release */ = {
			isa = XCBuildConfiguration;
			buildSettings = {
				ALWAYS_SEARCH_USER_PATHS = NO;
				CLANG_ANALYZER_NONNULL = YES;
				CLANG_ANALYZER_NUMBER_OBJECT_CONVERSION = YES_AGGRESSIVE;
				CLANG_CXX_LANGUAGE_STANDARD = "gnu++14";
				CLANG_CXX_LIBRARY = "libc++";
				CLANG_ENABLE_MODULES = YES;
				CLANG_ENABLE_OBJC_ARC = YES;
				CLANG_ENABLE_OBJC_WEAK = YES;
				CLANG_WARN_BLOCK_CAPTURE_AUTORELEASING = YES;
				CLANG_WARN_BOOL_CONVERSION = YES;
				CLANG_WARN_COMMA = YES;
				CLANG_WARN_CONSTANT_CONVERSION = YES;
				CLANG_WARN_DEPRECATED_OBJC_IMPLEMENTATIONS = YES;
				CLANG_WARN_DIRECT_OBJC_ISA_USAGE = YES_ERROR;
				CLANG_WARN_DOCUMENTATION_COMMENTS = YES;
				CLANG_WARN_EMPTY_BODY = YES;
				CLANG_WARN_ENUM_CONVERSION = YES;
				CLANG_WARN_INFINITE_RECURSION = YES;
				CLANG_WARN_INT_CONVERSION = YES;
				CLANG_WARN_NON_LITERAL_NULL_CONVERSION = YES;
				CLANG_WARN_OBJC_IMPLICIT_RETAIN_SELF = YES;
				CLANG_WARN_OBJC_LITERAL_CONVERSION = YES;
				CLANG_WARN_OBJC_ROOT_CLASS = YES_ERROR;
				CLANG_WARN_RANGE_LOOP_ANALYSIS = YES;
				CLANG_WARN_STRICT_PROTOTYPES = YES;
				CLANG_WARN_SUSPICIOUS_MOVE = YES;
				CLANG_WARN_UNGUARDED_AVAILABILITY = YES_AGGRESSIVE;
				CLANG_WARN_UNREACHABLE_CODE = YES;
				CLANG_WARN__DUPLICATE_METHOD_MATCH = YES;
				CODE_SIGN_IDENTITY = "iPhone Developer";
				COPY_PHASE_STRIP = NO;
				DEBUG_INFORMATION_FORMAT = "dwarf-with-dsym";
				ENABLE_NS_ASSERTIONS = NO;
				ENABLE_STRICT_OBJC_MSGSEND = YES;
				GCC_C_LANGUAGE_STANDARD = gnu11;
				GCC_NO_COMMON_BLOCKS = YES;
				GCC_WARN_64_TO_32_BIT_CONVERSION = YES;
				GCC_WARN_ABOUT_RETURN_TYPE = YES_ERROR;
				GCC_WARN_UNDECLARED_SELECTOR = YES;
				GCC_WARN_UNINITIALIZED_AUTOS = YES_AGGRESSIVE;
				GCC_WARN_UNUSED_FUNCTION = YES;
				GCC_WARN_UNUSED_VARIABLE = YES;
				IPHONEOS_DEPLOYMENT_TARGET = 12.2;
				MTL_ENABLE_DEBUG_INFO = NO;
				MTL_FAST_MATH = YES;
				SDKROOT = iphoneos;
				SWIFT_COMPILATION_MODE = wholemodule;
				SWIFT_OPTIMIZATION_LEVEL = "-O";
				VALIDATE_PRODUCT = YES;
			};
			name = Release;
		};
		4CDA28F3228165EB000D24F6 /* Debug */ = {
			isa = XCBuildConfiguration;
			baseConfigurationReference = 933DE0ED46F5F3D9381B8C2F /* Pods-PodExampleNew.debug.xcconfig */;
			buildSettings = {
				ASSETCATALOG_COMPILER_APPICON_NAME = AppIcon;
				CODE_SIGN_STYLE = Automatic;
				DEVELOPMENT_TEAM = S489G82DC6;
				INFOPLIST_FILE = PodExampleNew/Info.plist;
				LD_RUNPATH_SEARCH_PATHS = (
					"$(inherited)",
					"@executable_path/Frameworks",
				);
				PRODUCT_BUNDLE_IDENTIFIER = poonam.com.Prime.PodExampleNew;
				PRODUCT_NAME = "$(TARGET_NAME)";
				SWIFT_VERSION = 5.0;
				TARGETED_DEVICE_FAMILY = "1,2";
			};
			name = Debug;
		};
		4CDA28F4228165EB000D24F6 /* Release */ = {
			isa = XCBuildConfiguration;
			baseConfigurationReference = 27B824E63D67FD726641385D /* Pods-PodExampleNew.release.xcconfig */;
			buildSettings = {
				ASSETCATALOG_COMPILER_APPICON_NAME = AppIcon;
				CODE_SIGN_STYLE = Automatic;
				DEVELOPMENT_TEAM = S489G82DC6;
				INFOPLIST_FILE = PodExampleNew/Info.plist;
				LD_RUNPATH_SEARCH_PATHS = (
					"$(inherited)",
					"@executable_path/Frameworks",
				);
				PRODUCT_BUNDLE_IDENTIFIER = poonam.com.Prime.PodExampleNew;
				PRODUCT_NAME = "$(TARGET_NAME)";
				SWIFT_VERSION = 5.0;
				TARGETED_DEVICE_FAMILY = "1,2";
			};
			name = Release;
		};
/* End XCBuildConfiguration section */

/* Begin XCConfigurationList section */
		4CDA28D8228165E9000D24F6 /* Build configuration list for PBXProject "PodExampleNew" */ = {
			isa = XCConfigurationList;
			buildConfigurations = (
				4CDA28F0228165EB000D24F6 /* Debug */,
				4CDA28F1228165EB000D24F6 /* Release */,
			);
			defaultConfigurationIsVisible = 0;
			defaultConfigurationName = Release;
		};
		4CDA28F2228165EB000D24F6 /* Build configuration list for PBXNativeTarget "PodExampleNew" */ = {
			isa = XCConfigurationList;
			buildConfigurations = (
				4CDA28F3228165EB000D24F6 /* Debug */,
				4CDA28F4228165EB000D24F6 /* Release */,
			);
			defaultConfigurationIsVisible = 0;
			defaultConfigurationName = Release;
		};
/* End XCConfigurationList section */

/* Begin XCVersionGroup section */
		4CDA28E7228165E9000D24F6 /* PodExampleNew.xcdatamodeld */ = {
			isa = XCVersionGroup;
			children = (
				4CDA28E8228165E9000D24F6 /* PodExampleNew.xcdatamodel */,
			);
			currentVersion = 4CDA28E8228165E9000D24F6 /* PodExampleNew.xcdatamodel */;
			path = PodExampleNew.xcdatamodeld;
			sourceTree = "<group>";
			versionGroupType = wrapper.xcdatamodel;
		};
/* End XCVersionGroup section */
	};
	rootObject = 4CDA28D5228165E9000D24F6 /* Project object */;
}
